
Microsoft Visual Studio Solution File, Format Version 12.00
# Visual Studio Version 17
VisualStudioVersion = 17.6.33829.357
MinimumVisualStudioVersion = 10.0.40219.1
Project("{FAE04EC0-301F-11D3-BF4B-00C04F79EFBC}") = "SonarCloudEngEx", "SonarCloudEngEx\SonarCloudEngEx.csproj", "{3ED71350-CDDD-428F-8AAD-3C908DC2BAAB}"
EndProject
Global
	GlobalSection(SolutionConfigurationPlatforms) = preSolution
		Debug|Any CPU = Debug|Any CPU
		Release|Any CPU = Release|Any CPU
	EndGlobalSection
	GlobalSection(ProjectConfigurationPlatforms) = postSolution
		{3ED71350-CDDD-428F-8AAD-3C908DC2BAAB}.Debug|Any CPU.ActiveCfg = Debug|Any CPU
		{3ED71350-CDDD-428F-8AAD-3C908DC2BAAB}.Debug|Any CPU.Build.0 = Debug|Any CPU
		{3ED71350-CDDD-428F-8AAD-3C908DC2BAAB}.Release|Any CPU.ActiveCfg = Release|Any CPU
		{3ED71350-CDDD-428F-8AAD-3C908DC2BAAB}.Release|Any CPU.Build.0 = Release|Any CPU
	EndGlobalSection
	GlobalSection(SolutionProperties) = preSolution
		HideSolutionNode = FALSE
	EndGlobalSection
	GlobalSection(ExtensibilityGlobals) = postSolution
		SolutionGuid = {11A6F51D-A1F6-4666-BE42-3F097C2B53EF}
	EndGlobalSection
EndGlobal
